
Microsoft Visual Studio Solution File, Format Version 12.00
# Visual Studio Version 16
VisualStudioVersion = 16.0.31205.134
MinimumVisualStudioVersion = 10.0.40219.1
Project("{FAE04EC0-301F-11D3-BF4B-00C04F79EFBC}") = "Course", "Course\Course.csproj", "{19F8F138-4CA6-4BFC-AA50-C128991080C0}"
EndProject
Global
	GlobalSection(SolutionConfigurationPlatforms) = preSolution
		Debug|Any CPU = Debug|Any CPU
		Release|Any CPU = Release|Any CPU
	EndGlobalSection
	GlobalSection(ProjectConfigurationPlatforms) = postSolution
		{19F8F138-4CA6-4BFC-AA50-C128991080C0}.Debug|Any CPU.ActiveCfg = Debug|Any CPU
		{19F8F138-4CA6-4BFC-AA50-C128991080C0}.Debug|Any CPU.Build.0 = Debug|Any CPU
		{19F8F138-4CA6-4BFC-AA50-C128991080C0}.Release|Any CPU.ActiveCfg = Release|Any CPU
		{19F8F138-4CA6-4BFC-AA50-C128991080C0}.Release|Any CPU.Build.0 = Release|Any CPU
	EndGlobalSection
	GlobalSection(SolutionProperties) = preSolution
		HideSolutionNode = FALSE
	EndGlobalSection
	GlobalSection(ExtensibilityGlobals) = postSolution
		SolutionGuid = {6F1027FD-2915-47BA-A97A-D80AA2D10219}
	EndGlobalSection
EndGlobal
